# This file is autogenerated, do not edit; changes may be undone by the next 'dep ensure'.


[[projects]]
  name = "cloud.google.com/go"
  packages = ["compute/metadata","iam","internal","internal/optional","internal/trace","internal/version","storage"]
  revision = "4b98a6370e36d7a85192e7bad08a4ebd82eac2a8"
  version = "v0.20.0"

[[projects]]
  name = "github.com/PuerkitoBio/goquery"
  packages = ["."]
  revision = "a86ea073017a6beddef78c8659e7224e8ca634b0"
  version = "v1.4.0"

[[projects]]
  name = "github.com/andybalholm/cascadia"
  packages = ["."]
  revision = "901648c87902174f774fac311d7f176f8647bdaa"
  version = "v1.0.0"

[[projects]]
  branch = "master"
  name = "github.com/antchfx/htmlquery"
  packages = ["."]
  revision = "9f7717ac9bac5f660391c57e3d496b3c7cf9741f"

[[projects]]
  branch = "master"
  name = "github.com/antchfx/xmlquery"
  packages = ["."]
  revision = "f3845cf372319e5428e4c6704089452ddff8ef8b"

[[projects]]
  branch = "master"
  name = "github.com/antchfx/xpath"
  packages = ["."]
  revision = "da6624a57bffc012f598c42f781bd5919fbfadb2"

[[projects]]
  branch = "master"
  name = "github.com/chromedp/cdproto"
  packages = [".","accessibility","animation","applicationcache","audits","browser","cachestorage","cdp","css","database","debugger","deviceorientation","dom","domdebugger","domsnapshot","domstorage","emulation","headlessexperimental","heapprofiler","indexeddb","input","inspector","io","layertree","log","memory","network","overlay","page","performance","profiler","runtime","security","serviceworker","storage","systeminfo","target","tethering","tracing"]
  revision = "ad3a5240868fb8286c9b79ae4138abf87995ad9d"

[[projects]]
  branch = "master"
  name = "github.com/chromedp/chromedp"
  packages = [".","client","kb","runner"]
  revision = "f683cfc4c190d6a24ca66ee436184b533fd126b8"

[[projects]]
  name = "github.com/disintegration/imaging"
  packages = ["."]
  revision = "fd34ef7671b12cdf1b024d98c6b327b2770d32c4"
  version = "v1.4.1"

[[projects]]
  name = "github.com/gobwas/glob"
  packages = [".","compiler","match","syntax","syntax/ast","syntax/lexer","util/runes","util/strings"]
  revision = "5ccd90ef52e1e632236f7326478d4faa74f99438"
  version = "v0.2.3"

[[projects]]
  branch = "master"
  name = "github.com/gocolly/colly"
  packages = [".","debug","storage"]
  revision = "679bc05d92965819d44bfd01f62be325959776e1"

[[projects]]
  name = "github.com/golang/protobuf"
  packages = ["proto","protoc-gen-go/descriptor","ptypes","ptypes/any","ptypes/duration","ptypes/timestamp"]
  revision = "925541529c1fa6821df4e44ce2723319eb2be768"
  version = "v1.0.0"

[[projects]]
  name = "github.com/googleapis/gax-go"
  packages = ["."]
  revision = "317e0006254c44a0ac427cc52a0e083ff0b9622f"
  version = "v2.0.0"

[[projects]]
  name = "github.com/gorilla/context"
  packages = ["."]
  revision = "1ea25387ff6f684839d82767c1733ff4d4d15d0a"
  version = "v1.1"

[[projects]]
  name = "github.com/gorilla/handlers"
  packages = ["."]
  revision = "90663712d74cb411cbef281bc1e08c19d1a76145"
  version = "v1.3.0"

[[projects]]
  name = "github.com/gorilla/mux"
  packages = ["."]
  revision = "53c1911da2b537f792e7cafcb446b05ffe33b996"
  version = "v1.6.1"

[[projects]]
  name = "github.com/gorilla/websocket"
  packages = ["."]
  revision = "ea4d1f681babbce9545c9c5f3d5194a789c89f5b"
  version = "v1.2.0"

[[projects]]
  branch = "master"
  name = "github.com/hashicorp/errwrap"
  packages = ["."]
  revision = "7554cd9344cec97297fa6649b055a8c98c2a1e55"

[[projects]]
  branch = "master"
  name = "github.com/hashicorp/go-multierror"
  packages = ["."]
  revision = "b7773ae218740a7be65057fc60b366a49b538a44"

[[projects]]
  branch = "master"
  name = "github.com/jasonlvhit/gocron"
  packages = ["."]
  revision = "54194c9749d48b073c9aeb2c787b6882e95dd0cd"

[[projects]]
  name = "github.com/kennygrant/sanitize"
  packages = ["."]
  revision = "2e6820834a1f36c626bf19a253b7d3cc060e9b8b"
  version = "v1.2.3"

[[projects]]
  branch = "master"
  name = "github.com/knq/snaker"
  packages = ["."]
  revision = "d9ad1e7f342a5b58202aa92c5f1106d7bb8b9c73"

[[projects]]
  branch = "master"
  name = "github.com/knq/sysutil"
  packages = ["."]
  revision = "0218e141a794643e8c0fa283b9cd076fc0df662d"

[[projects]]
  branch = "master"
  name = "github.com/mailru/easyjson"
  packages = [".","buffer","jlexer","jwriter"]
  revision = "8b799c424f57fa123fc63a99d6383bc6e4c02578"

[[projects]]
  branch = "master"
  name = "github.com/saintfish/chardet"
  packages = ["."]
  revision = "3af4cd4741ca4f3eb0c407c034571a6fb0ea529c"

[[projects]]
  branch = "master"
  name = "github.com/temoto/robotstxt"
  packages = ["."]
  revision = "9e4646fa705336d5b2fa9dddfafbe0a1a965acd7"

[[projects]]
  name = "go.opencensus.io"
  packages = ["exporter/stackdriver/propagation","internal","internal/tagencoding","plugin/ochttp","plugin/ochttp/propagation/b3","stats","stats/internal","stats/view","tag","trace","trace/internal","trace/propagation"]
  revision = "0095aec66ae14801c6711210f6f0716411cefdd3"
  version = "v0.8.0"

[[projects]]
  branch = "master"
  name = "golang.org/x/image"
  packages = ["bmp","tiff","tiff/lzw"]
  revision = "f315e440302883054d0c2bd85486878cb4f8572c"

[[projects]]
  branch = "master"
  name = "golang.org/x/net"
  packages = ["context","context/ctxhttp","html","html/atom","html/charset","http2","http2/hpack","idna","internal/timeseries","lex/httplex","trace"]
  revision = "61147c48b25b599e5b561d2e9c4f3e1ef489ca41"

[[projects]]
  branch = "master"
  name = "golang.org/x/oauth2"
  packages = [".","google","internal","jws","jwt"]
  revision = "921ae394b9430ed4fb549668d7b087601bd60a81"

[[projects]]
  name = "golang.org/x/text"
  packages = ["collate","collate/build","encoding","encoding/charmap","encoding/htmlindex","encoding/internal","encoding/internal/identifier","encoding/japanese","encoding/korean","encoding/simplifiedchinese","encoding/traditionalchinese","encoding/unicode","internal/colltab","internal/gen","internal/tag","internal/triegen","internal/ucd","internal/utf8internal","language","runes","secure/bidirule","transform","unicode/bidi","unicode/cldr","unicode/norm","unicode/rangetable"]
  revision = "f21a4dfb5e38f5895301dc265a8def02365cc3d0"
  version = "v0.3.0"

[[projects]]
  branch = "master"
  name = "google.golang.org/api"
  packages = ["gensupport","googleapi","googleapi/internal/uritemplates","googleapi/transport","internal","iterator","option","storage/v1","transport/http"]
  revision = "d4bfb8783945fe985beea2cb0fedffc2d020979c"

[[projects]]
  name = "google.golang.org/appengine"
  packages = [".","internal","internal/app_identity","internal/base","internal/datastore","internal/log","internal/modules","internal/remote_api","internal/urlfetch","urlfetch"]
  revision = "150dc57a1b433e64154302bdc40b6bb8aefa313a"
  version = "v1.0.0"

[[projects]]
  branch = "master"
  name = "google.golang.org/genproto"
  packages = ["googleapis/api/annotations","googleapis/iam/v1","googleapis/rpc/code","googleapis/rpc/status"]
  revision = "ce84044298496ef4b54b4a0a0909ba593cc60e30"

[[projects]]
  name = "google.golang.org/grpc"
  packages = [".","balancer","balancer/base","balancer/roundrobin","codes","connectivity","credentials","encoding","encoding/proto","grpclb/grpc_lb_v1/messages","grpclog","internal","keepalive","metadata","naming","peer","resolver","resolver/dns","resolver/passthrough","stats","status","tap","transport"]
  revision = "d89cded64628466c4ab532d1f0ba5c220459ebe8"
  version = "v1.11.2"

[solve-meta]
  analyzer-name = "dep"
  analyzer-version = 1
  inputs-digest = "131e35a615a0cb31823d0f4cae964e0cc68290b3a3a733142e5155ed7c2d98d5"
  solver-name = "gps-cdcl"
  solver-version = 1
